// !$*UTF8*$!
{
	archiveVersion = 1;
	classes = {
	};
	objectVersion = 46;
	objects = {

/* Begin PBXBuildFile section */
		F7D34618158F92B200D64116 /* UIKit.framework in Frameworks */ = {isa = PBXBuildFile; fileRef = F7D34617158F92B200D64116 /* UIKit.framework */; };
		F7D3461A158F92B200D64116 /* Foundation.framework in Frameworks */ = {isa = PBXBuildFile; fileRef = F7D34619158F92B200D64116 /* Foundation.framework */; };
		F7D3461C158F92B200D64116 /* CoreGraphics.framework in Frameworks */ = {isa = PBXBuildFile; fileRef = F7D3461B158F92B200D64116 /* CoreGraphics.framework */; };
		F7D34622158F92B200D64116 /* InfoPlist.strings in Resources */ = {isa = PBXBuildFile; fileRef = F7D34620158F92B200D64116 /* InfoPlist.strings */; };
		F7D34624158F92B200D64116 /* main.m in Sources */ = {isa = PBXBuildFile; fileRef = F7D34623158F92B200D64116 /* main.m */; };
		F7D34628158F92B200D64116 /* AppDelegate.m in Sources */ = {isa = PBXBuildFile; fileRef = F7D34627158F92B200D64116 /* AppDelegate.m */; };
		F7D3462B158F92B200D64116 /* MainStoryboard.storyboard in Resources */ = {isa = PBXBuildFile; fileRef = F7D34629158F92B200D64116 /* MainStoryboard.storyboard */; };
		F7D3462E158F92B200D64116 /* MyViewController.m in Sources */ = {isa = PBXBuildFile; fileRef = F7D3462D158F92B200D64116 /* MyViewController.m */; };
/* End PBXBuildFile section */

/* Begin PBXFileReference section */
		F7D34613158F92B200D64116 /* View Lifecycle.app */ = {isa = PBXFileReference; explicitFileType = wrapper.application; includeInIndex = 0; path = "View Lifecycle.app"; sourceTree = BUILT_PRODUCTS_DIR; };
		F7D34617158F92B200D64116 /* UIKit.framework */ = {isa = PBXFileReference; lastKnownFileType = wrapper.framework; name = UIKit.framework; path = System/Library/Frameworks/UIKit.framework; sourceTree = SDKROOT; };
		F7D34619158F92B200D64116 /* Foundation.framework */ = {isa = PBXFileReference; lastKnownFileType = wrapper.framework; name = Foundation.framework; path = System/Library/Frameworks/Foundation.framework; sourceTree = SDKROOT; };
		F7D3461B158F92B200D64116 /* CoreGraphics.framework */ = {isa = PBXFileReference; lastKnownFileType = wrapper.framework; name = CoreGraphics.framework; path = System/Library/Frameworks/CoreGraphics.framework; sourceTree = SDKROOT; };
		F7D3461F158F92B200D64116 /* View Lifecycle-Info.plist */ = {isa = PBXFileReference; lastKnownFileType = text.plist.xml; path = "View Lifecycle-Info.plist"; sourceTree = "<group>"; };
		F7D34621158F92B200D64116 /* en */ = {isa = PBXFileReference; lastKnownFileType = text.plist.strings; name = en; path = en.lproj/InfoPlist.strings; sourceTree = "<group>"; };
		F7D34623158F92B200D64116 /* main.m */ = {isa = PBXFileReference; lastKnownFileType = sourcecode.c.objc; path = main.m; sourceTree = "<group>"; };
		F7D34625158F92B200D64116 /* View Lifecycle-Prefix.pch */ = {isa = PBXFileReference; lastKnownFileType = sourcecode.c.h; path = "View Lifecycle-Prefix.pch"; sourceTree = "<group>"; };
		F7D34626158F92B200D64116 /* AppDelegate.h */ = {isa = PBXFileReference; lastKnownFileType = sourcecode.c.h; path = AppDelegate.h; sourceTree = "<group>"; };
		F7D34627158F92B200D64116 /* AppDelegate.m */ = {isa = PBXFileReference; lastKnownFileType = sourcecode.c.objc; path = AppDelegate.m; sourceTree = "<group>"; };
		F7D3462A158F92B200D64116 /* en */ = {isa = PBXFileReference; lastKnownFileType = file.storyboard; name = en; path = en.lproj/MainStoryboard.storyboard; sourceTree = "<group>"; };
		F7D3462C158F92B200D64116 /* MyViewController.h */ = {isa = PBXFileReference; lastKnownFileType = sourcecode.c.h; path = MyViewController.h; sourceTree = "<group>"; };
		F7D3462D158F92B200D64116 /* MyViewController.m */ = {isa = PBXFileReference; lastKnownFileType = sourcecode.c.objc; path = MyViewController.m; sourceTree = "<group>"; };
/* End PBXFileReference section */

/* Begin PBXFrameworksBuildPhase section */
		F7D34610158F92B200D64116 /* Frameworks */ = {
			isa = PBXFrameworksBuildPhase;
			buildActionMask = 2147483647;
			files = (
				F7D34618158F92B200D64116 /* UIKit.framework in Frameworks */,
				F7D3461A158F92B200D64116 /* Foundation.framework in Frameworks */,
				F7D3461C158F92B200D64116 /* CoreGraphics.framework in Frameworks */,
			);
			runOnlyForDeploymentPostprocessing = 0;
		};
/* End PBXFrameworksBuildPhase section */

/* Begin PBXGroup section */
		F7D34608158F92B200D64116 = {
			isa = PBXGroup;
			children = (
				F7D3461D158F92B200D64116 /* View Lifecycle */,
				F7D34616158F92B200D64116 /* Frameworks */,
				F7D34614158F92B200D64116 /* Products */,
			);
			sourceTree = "<group>";
		};
		F7D34614158F92B200D64116 /* Products */ = {
			isa = PBXGroup;
			children = (
				F7D34613158F92B200D64116 /* View Lifecycle.app */,
			);
			name = Products;
			sourceTree = "<group>";
		};
		F7D34616158F92B200D64116 /* Frameworks */ = {
			isa = PBXGroup;
			children = (
				F7D34617158F92B200D64116 /* UIKit.framework */,
				F7D34619158F92B200D64116 /* Foundation.framework */,
				F7D3461B158F92B200D64116 /* CoreGraphics.framework */,
			);
			name = Frameworks;
			sourceTree = "<group>";
		};
		F7D3461D158F92B200D64116 /* View Lifecycle */ = {
			isa = PBXGroup;
			children = (
				F7D34635158F92CD00D64116 /* Views */,
				F7D34634158F92C200D64116 /* Controllers */,
				F7D3461E158F92B200D64116 /* Supporting Files */,
			);
			path = "View Lifecycle";
			sourceTree = "<group>";
		};
		F7D3461E158F92B200D64116 /* Supporting Files */ = {
			isa = PBXGroup;
			children = (
				F7D3461F158F92B200D64116 /* View Lifecycle-Info.plist */,
				F7D34620158F92B200D64116 /* InfoPlist.strings */,
				F7D34623158F92B200D64116 /* main.m */,
				F7D34625158F92B200D64116 /* View Lifecycle-Prefix.pch */,
			);
			name = "Supporting Files";
			sourceTree = "<group>";
		};
		F7D34634158F92C200D64116 /* Controllers */ = {
			isa = PBXGroup;
			children = (
				F7D34626158F92B200D64116 /* AppDelegate.h */,
				F7D34627158F92B200D64116 /* AppDelegate.m */,
				F7D3462C158F92B200D64116 /* MyViewController.h */,
				F7D3462D158F92B200D64116 /* MyViewController.m */,
			);
			name = Controllers;
			sourceTree = "<group>";
		};
		F7D34635158F92CD00D64116 /* Views */ = {
			isa = PBXGroup;
			children = (
				F7D34629158F92B200D64116 /* MainStoryboard.storyboard */,
			);
			name = Views;
			sourceTree = "<group>";
		};
/* End PBXGroup section */

/* Begin PBXNativeTarget section */
		F7D34612158F92B200D64116 /* View Lifecycle */ = {
			isa = PBXNativeTarget;
			buildConfigurationList = F7D34631158F92B200D64116 /* Build configuration list for PBXNativeTarget "View Lifecycle" */;
			buildPhases = (
				F7D3460F158F92B200D64116 /* Sources */,
				F7D34610158F92B200D64116 /* Frameworks */,
				F7D34611158F92B200D64116 /* Resources */,
			);
			buildRules = (
			);
			dependencies = (
			);
			name = "View Lifecycle";
			productName = "View Livecycle";
			productReference = F7D34613158F92B200D64116 /* View Lifecycle.app */;
			productType = "com.apple.product-type.application";
		};
/* End PBXNativeTarget section */

/* Begin PBXProject section */
		F7D3460A158F92B200D64116 /* Project object */ = {
			isa = PBXProject;
			attributes = {
				LastUpgradeCheck = 0430;
				ORGANIZATIONNAME = Clemson;
			};
			buildConfigurationList = F7D3460D158F92B200D64116 /* Build configuration list for PBXProject "View Lifecycle" */;
			compatibilityVersion = "Xcode 3.2";
			developmentRegion = English;
			hasScannedForEncodings = 0;
			knownRegions = (
				en,
			);
			mainGroup = F7D34608158F92B200D64116;
			productRefGroup = F7D34614158F92B200D64116 /* Products */;
			projectDirPath = "";
			projectRoot = "";
			targets = (
				F7D34612158F92B200D64116 /* View Lifecycle */,
			);
		};
/* End PBXProject section */

/* Begin PBXResourcesBuildPhase section */
		F7D34611158F92B200D64116 /* Resources */ = {
			isa = PBXResourcesBuildPhase;
			buildActionMask = 2147483647;
			files = (
				F7D34622158F92B200D64116 /* InfoPlist.strings in Resources */,
				F7D3462B158F92B200D64116 /* MainStoryboard.storyboard in Resources */,
			);
			runOnlyForDeploymentPostprocessing = 0;
		};
/* End PBXResourcesBuildPhase section */

/* Begin PBXSourcesBuildPhase section */
		F7D3460F158F92B200D64116 /* Sources */ = {
			isa = PBXSourcesBuildPhase;
			buildActionMask = 2147483647;
			files = (
				F7D34624158F92B200D64116 /* main.m in Sources */,
				F7D34628158F92B200D64116 /* AppDelegate.m in Sources */,
				F7D3462E158F92B200D64116 /* MyViewController.m in Sources */,
			);
			runOnlyForDeploymentPostprocessing = 0;
		};
/* End PBXSourcesBuildPhase section */

/* Begin PBXVariantGroup section */
		F7D34620158F92B200D64116 /* InfoPlist.strings */ = {
			isa = PBXVariantGroup;
			children = (
				F7D34621158F92B200D64116 /* en */,
			);
			name = InfoPlist.strings;
			sourceTree = "<group>";
		};
		F7D34629158F92B200D64116 /* MainStoryboard.storyboard */ = {
			isa = PBXVariantGroup;
			children = (
				F7D3462A158F92B200D64116 /* en */,
			);
			name = MainStoryboard.storyboard;
			sourceTree = "<group>";
		};
/* End PBXVariantGroup section */

/* Begin XCBuildConfiguration section */
		F7D3462F158F92B200D64116 /* Debug */ = {
			isa = XCBuildConfiguration;
			buildSettings = {
				ALWAYS_SEARCH_USER_PATHS = NO;
				ARCHS = "$(ARCHS_STANDARD_32_BIT)";
				"CODE_SIGN_IDENTITY[sdk=iphoneos*]" = "iPhone Developer";
				COPY_PHASE_STRIP = NO;
				GCC_C_LANGUAGE_STANDARD = gnu99;
				GCC_DYNAMIC_NO_PIC = NO;
				GCC_OPTIMIZATION_LEVEL = 0;
				GCC_PREPROCESSOR_DEFINITIONS = (
					"DEBUG=1",
					"$(inherited)",
				);
				GCC_SYMBOLS_PRIVATE_EXTERN = NO;
				GCC_VERSION = com.apple.compilers.llvm.clang.1_0;
				GCC_WARN_ABOUT_RETURN_TYPE = YES;
				GCC_WARN_UNINITIALIZED_AUTOS = YES;
				GCC_WARN_UNUSED_VARIABLE = YES;
				IPHONEOS_DEPLOYMENT_TARGET = 5.1;
				SDKROOT = iphoneos;
			};
			name = Debug;
		};
		F7D34630158F92B200D64116 /* Release */ = {
			isa = XCBuildConfiguration;
			buildSettings = {
				ALWAYS_SEARCH_USER_PATHS = NO;
				ARCHS = "$(ARCHS_STANDARD_32_BIT)";
				"CODE_SIGN_IDENTITY[sdk=iphoneos*]" = "iPhone Developer";
				COPY_PHASE_STRIP = YES;
				GCC_C_LANGUAGE_STANDARD = gnu99;
				GCC_VERSION = com.apple.compilers.llvm.clang.1_0;
				GCC_WARN_ABOUT_RETURN_TYPE = YES;
				GCC_WARN_UNINITIALIZED_AUTOS = YES;
				GCC_WARN_UNUSED_VARIABLE = YES;
				IPHONEOS_DEPLOYMENT_TARGET = 5.1;
				OTHER_CFLAGS = "-DNS_BLOCK_ASSERTIONS=1";
				SDKROOT = iphoneos;
				VALIDATE_PRODUCT = YES;
			};
			name = Release;
		};
		F7D34632158F92B200D64116 /* Debug */ = {
			isa = XCBuildConfiguration;
			buildSettings = {
				GCC_PRECOMPILE_PREFIX_HEADER = YES;
				GCC_PREFIX_HEADER = "View Lifecycle/View Lifecycle-Prefix.pch";
				INFOPLIST_FILE = "View Lifecycle/View Lifecycle-Info.plist";
				PRODUCT_NAME = "View Lifecycle";
				WRAPPER_EXTENSION = app;
			};
			name = Debug;
		};
		F7D34633158F92B200D64116 /* Release */ = {
			isa = XCBuildConfiguration;
			buildSettings = {
				GCC_PRECOMPILE_PREFIX_HEADER = YES;
				GCC_PREFIX_HEADER = "View Lifecycle/View Lifecycle-Prefix.pch";
				INFOPLIST_FILE = "View Lifecycle/View Lifecycle-Info.plist";
				PRODUCT_NAME = "View Lifecycle";
				WRAPPER_EXTENSION = app;
			};
			name = Release;
		};
/* End XCBuildConfiguration section */

/* Begin XCConfigurationList section */
		F7D3460D158F92B200D64116 /* Build configuration list for PBXProject "View Lifecycle" */ = {
			isa = XCConfigurationList;
			buildConfigurations = (
				F7D3462F158F92B200D64116 /* Debug */,
				F7D34630158F92B200D64116 /* Release */,
			);
			defaultConfigurationIsVisible = 0;
			defaultConfigurationName = Release;
		};
		F7D34631158F92B200D64116 /* Build configuration list for PBXNativeTarget "View Lifecycle" */ = {
			isa = XCConfigurationList;
			buildConfigurations = (
				F7D34632158F92B200D64116 /* Debug */,
				F7D34633158F92B200D64116 /* Release */,
			);
			defaultConfigurationIsVisible = 0;
			defaultConfigurationName = Release;
		};
/* End XCConfigurationList section */
	};
	rootObject = F7D3460A158F92B200D64116 /* Project object */;
}
